<Solution>
  <Project Path="Nox.Relay.Core.csproj" />
  <Project Path="Nox.Worlds.Runtime.csproj" />
  <Project Path="api.nox.main.csproj" />
  <Project Path="ThryAssemblyDefinition.csproj" />
  <Project Path="RootMotion.csproj" />
  <Project Path="api.nox.session.jint.csproj" />
  <Project Path="api.nox.videoplayer.csproj" />
  <Project Path="NaughtyAttributes.Editor.csproj" />
  <Project Path="Unity.XR.Interaction.Toolkit.Samples.Hands.csproj" />
  <Project Path="Assembly-CSharp-Editor.csproj" />
  <Project Path="Nox.Offline.Runtime.csproj" />
  <Project Path="Nox.VideoPlayer.csproj" />
  <Project Path="Nox.Sessions.csproj" />
  <Project Path="Nox.Avatars.Pipeline.csproj" />
  <Project Path="Assembly-CSharp.csproj" />
  <Project Path="Nox.CCK.csproj" />
  <Project Path="Poiyomi.ModularShaderSystem.csproj" />
  <Project Path="Nox.ModLoader.csproj" />
  <Project Path="Nox.FFmpeg.csproj" />
  <Project Path="Nox.Editor.Panel.csproj" />
  <Project Path="Autohand.XR.Editor.csproj" />
  <Project Path="Nox.Players.csproj" />
  <Project Path="RootMotion.Editor.csproj" />
  <Project Path="Nox.CCK.Avatars.Camera.csproj" />
  <Project Path="Nox.CCK.Worlds.Modules.Editor.csproj" />
  <Project Path="NaughtyAttributes.Core.csproj" />
  <Project Path="api.nox.user.csproj" />
  <Project Path="AutoHandAssembly.csproj" />
  <Project Path="Nox.CCK.Worlds.Spawns.csproj" />
  <Project Path="Nox.CCK.Avatars.Modules.Editor.csproj" />
  <Project Path="Nox.Settings.Runtime.csproj" />
  <Project Path="Nox.Control.csproj" />
  <Project Path="Nox.Servers.csproj" />
  <Project Path="Nox.Avatars.csproj" />
  <Project Path="Nox.CCK.Avatars.Rigging.csproj" />
  <Project Path="Nox.Avatars.Runtime.Editor.csproj" />
  <Project Path="Autohand.Editor.csproj" />
  <Project Path="api.nox.server.csproj" />
  <Project Path="Nox.XR.csproj" />
  <Project Path="Nox.Avatars.Editor.csproj" />
  <Project Path="Nox.Avatars.Runtime.csproj" />
  <Project Path="Nox.SDK.Control.csproj" />
  <Project Path="Nox.Terminal.Runtime.csproj" />
  <Project Path="Nox.Notifications.csproj" />
  <Project Path="Nox.Jint.csproj" />
  <Project Path="api.nox.session.csproj" />
  <Project Path="Nox.Instances.csproj" />
  <Project Path="Nox.Editor.Panel.Runtime.csproj" />
  <Project Path="StirlingLabs.MsQuic.Bindings.csproj" />
  <Project Path="Nox.Entities.csproj" />
  <Project Path="Nox.Avatars.StateMachines.csproj" />
  <Project Path="Nox.Sessions.Runtime.csproj" />
  <Project Path="Nox.Settings.csproj" />
  <Project Path="Unity.XR.Interaction.Toolkit.Samples.Hands.Editor.csproj" />
  <Project Path="Nox.Worlds.csproj" />
  <Project Path="Nox.Worlds.Runtime.Editor.csproj" />
  <Project Path="Autohand.OpenXR.csproj" />
  <Project Path="Poi.Tools.csproj" />
  <Project Path="Nox.CCK.Avatars.StateMachines.csproj" />
  <Project Path="Nox.UI.Runtime.csproj" />
  <Project Path="Nox.UI.csproj" />
  <Project Path="Nox.CCK.Worlds.csproj" />
  <Project Path="NoxEditor.csproj" />
  <Project Path="Nox.CCK.Avatars.Parameters.csproj" />
  <Project Path="Nox.AssetBundles.Runtime.csproj" />
  <Project Path="Nox.CCK.XR.csproj" />
  <Project Path="api.nox.jint.csproj" />
  <Project Path="Nox.CCK.Avatars.Proxies.csproj" />
  <Project Path="Nox.CCK.Avatars.EyeLooks.csproj" />
  <Project Path="Nox.CCK.Avatars.Scale.csproj" />
  <Project Path="Nox.Search.csproj" />
  <Project Path="Unity.XR.Interaction.Toolkit.Samples.StarterAssets.csproj" />
  <Project Path="api.nox.instance.csproj" />
  <Project Path="Nox.CCK.Worlds.FellInVoid.csproj" />
  <Project Path="Nox.Notifications.Runtime.csproj" />
  <Project Path="Nox.Desktop.Runtime.csproj" />
  <Project Path="dev.nox.development.csproj" />
  <Project Path="Autohand.XR.csproj" />
  <Project Path="Nox.Users.csproj" />
  <Project Path="Nox.Relay.Runtime.csproj" />
  <Project Path="api.nox.search.csproj" />
  <Project Path="Nox.Worlds.Pipeline.csproj" />
  <Project Path="Nox.CCK.Settings.csproj" />
  <Project Path="Nox.CCK.Network.csproj" />
  <Project Path="Nox.CCK.Notifications.csproj" />
  <Project Path="api.nox.statistics.csproj" />
  <Project Path="Nox.GameBuilder.csproj" />
  <Project Path="Nox.KeyBinding.Runtime.csproj" />
  <Project Path="com.dreadscripts.hierarchyplus.Editor.csproj" />
  <Project Path="ThryExternal.csproj" />
  <Project Path="Nox.Network.csproj" />
  <Project Path="Nox.Controllers.csproj" />
  <Project Path="Nox.Microphone.Runtime.csproj" />
  <Project Path="Nox.Relay.Tests.csproj" />
  <Project Path="Nox.Mirror.csproj" />
  <Project Path="Nox.CCK.VideoPlayer.csproj" />
  <Project Path="Nox.Worlds.Scenes.csproj" />
  <Project Path="Nox.GameBuilder.Pipeline.csproj" />
  <Project Path="Nox.CCK.Mirror.csproj" />
  <Project Path="Nox.Controllers.Runtime.csproj" />
  <Project Path="Nox.Mods.UI.csproj" />
  <Project Path="Nox.Table.Runtime.csproj" />
  <Project Path="Nox.Avatars.Modules.Runtime.csproj" />
  <Project Path="Nox.CCK.Avatars.Playable.csproj" />
  <Project Path="Nox.CCK.Avatars.Voice.csproj" />
  <Project Path="Nox.XR.Editor.csproj" />
  <Project Path="Nox.Discord.csproj" />
  <Project Path="Nox.Tables.csproj" />
  <Project Path="Nox.AssetBundles.csproj" />
  <Project Path="Nox.Entities.Runtime.csproj" />
  <Project Path="Nox.Worlds.Spawns.csproj" />
  <Project Path="Nox.CCK.AssetBundles.csproj" />
  <Project Path="Nox.Avatars.Parameters.csproj" />
  <Project Path="Nox.Microphone.csproj" />
  <Project Path="Nox.CCK.VideoPlayer.Nox.csproj" />
  <Project Path="Unity.XR.Hands.Samples.VisualizerSample.csproj" />
  <Project Path="Nox.Terminal.csproj" />
  <Project Path="Nox.Sessions.Clients.csproj" />
  <Project Path="Nox.CCK.Avatars.csproj" />
  <Project Path="Nox.CCK.Instances.csproj" />
  <Project Path="Autohand.OpenXR.Editor.csproj" />
  <Project Path="Nox.KeyBindings.csproj" />
  <Project Path="Nox.Avatars.Scale.csproj" />
  <Project Path="Nox.CCK.Sessions.csproj" />
  <Project Path="Nox.CCK.VideoPlayer.Unity.csproj" />
  <Project Path="Nox.CCK.Worlds.Scenes.csproj" />
  <Project Path="Nox.CCK.Editor.csproj" />
  <Project Path="Nox.Avatars.Rigging.csproj" />
  <Project Path="Nox.Avatars.Camera.csproj" />
  <Project Path="Nox.Network.Runtime.csproj" />
  <Project Path="Nox.Avatars.Voice.csproj" />
  <Project Path="Nox.CCK.Avatars.Common.csproj" />
  <Project Path="Nox.CCK.Jint.csproj" />
  <Project Path="Nox.FFmpeg.Editor.csproj" />
  <Project Path="Unity.XR.Interaction.Toolkit.Samples.StarterAssets.Editor.csproj" />
  <Project Path="Nox.Worlds.Modules.Runtime.csproj" />
</Solution>
